// !$*UTF8*$!
{
	archiveVersion = 1;
	classes = {
	};
	objectVersion = 56;
	objects = {

/* Begin PBXBuildFile section */
		FD46BB7528F7CB8000A1A498 /* AppDelegate.swift in Sources */ = {isa = PBXBuildFile; fileRef = FD46BB7428F7CB8000A1A498 /* AppDelegate.swift */; };
		FD46BB7728F7CB8000A1A498 /* SceneDelegate.swift in Sources */ = {isa = PBXBuildFile; fileRef = FD46BB7628F7CB8000A1A498 /* SceneDelegate.swift */; };
		FD46BB7928F7CB8000A1A498 /* ViewController.swift in Sources */ = {isa = PBXBuildFile; fileRef = FD46BB7828F7CB8000A1A498 /* ViewController.swift */; };
		FD46BB7C28F7CB8000A1A498 /* Main.storyboard in Resources */ = {isa = PBXBuildFile; fileRef = FD46BB7A28F7CB8000A1A498 /* Main.storyboard */; };
		FD46BB7E28F7CB8100A1A498 /* Assets.xcassets in Resources */ = {isa = PBXBuildFile; fileRef = FD46BB7D28F7CB8100A1A498 /* Assets.xcassets */; };
		FD46BB8128F7CB8100A1A498 /* LaunchScreen.storyboard in Resources */ = {isa = PBXBuildFile; fileRef = FD46BB7F28F7CB8100A1A498 /* LaunchScreen.storyboard */; };
		FD46BB8A28F7E63700A1A498 /* libsqlite3.tbd in Frameworks */ = {isa = PBXBuildFile; fileRef = FD46BB8928F7E63700A1A498 /* libsqlite3.tbd */; };
		FD46BB8D28F7FD8900A1A498 /* db.sqlite in Resources */ = {isa = PBXBuildFile; fileRef = FD46BB8C28F7FD8900A1A498 /* db.sqlite */; };
/* End PBXBuildFile section */

/* Begin PBXFileReference section */
		FD46BB7128F7CB8000A1A498 /* CH06-SQLite3.app */ = {isa = PBXFileReference; explicitFileType = wrapper.application; includeInIndex = 0; path = "CH06-SQLite3.app"; sourceTree = BUILT_PRODUCTS_DIR; };
		FD46BB7428F7CB8000A1A498 /* AppDelegate.swift */ = {isa = PBXFileReference; lastKnownFileType = sourcecode.swift; path = AppDelegate.swift; sourceTree = "<group>"; };
		FD46BB7628F7CB8000A1A498 /* SceneDelegate.swift */ = {isa = PBXFileReference; lastKnownFileType = sourcecode.swift; path = SceneDelegate.swift; sourceTree = "<group>"; };
		FD46BB7828F7CB8000A1A498 /* ViewController.swift */ = {isa = PBXFileReference; lastKnownFileType = sourcecode.swift; path = ViewController.swift; sourceTree = "<group>"; };
		FD46BB7B28F7CB8000A1A498 /* Base */ = {isa = PBXFileReference; lastKnownFileType = file.storyboard; name = Base; path = Base.lproj/Main.storyboard; sourceTree = "<group>"; };
		FD46BB7D28F7CB8100A1A498 /* Assets.xcassets */ = {isa = PBXFileReference; lastKnownFileType = folder.assetcatalog; path = Assets.xcassets; sourceTree = "<group>"; };
		FD46BB8028F7CB8100A1A498 /* Base */ = {isa = PBXFileReference; lastKnownFileType = file.storyboard; name = Base; path = Base.lproj/LaunchScreen.storyboard; sourceTree = "<group>"; };
		FD46BB8228F7CB8100A1A498 /* Info.plist */ = {isa = PBXFileReference; lastKnownFileType = text.plist.xml; path = Info.plist; sourceTree = "<group>"; };
		FD46BB8928F7E63700A1A498 /* libsqlite3.tbd */ = {isa = PBXFileReference; lastKnownFileType = "sourcecode.text-based-dylib-definition"; name = libsqlite3.tbd; path = usr/lib/libsqlite3.tbd; sourceTree = SDKROOT; };
		FD46BB8B28F7E66200A1A498 /* CH06-SQLite3-Bridging-Header.h */ = {isa = PBXFileReference; lastKnownFileType = sourcecode.c.h; path = "CH06-SQLite3-Bridging-Header.h"; sourceTree = "<group>"; };
		FD46BB8C28F7FD8900A1A498 /* db.sqlite */ = {isa = PBXFileReference; lastKnownFileType = file; path = db.sqlite; sourceTree = "<group>"; };
/* End PBXFileReference section */

/* Begin PBXFrameworksBuildPhase section */
		FD46BB6E28F7CB8000A1A498 /* Frameworks */ = {
			isa = PBXFrameworksBuildPhase;
			buildActionMask = 2147483647;
			files = (
				FD46BB8A28F7E63700A1A498 /* libsqlite3.tbd in Frameworks */,
			);
			runOnlyForDeploymentPostprocessing = 0;
		};
/* End PBXFrameworksBuildPhase section */

/* Begin PBXGroup section */
		FD46BB6828F7CB8000A1A498 = {
			isa = PBXGroup;
			children = (
				FD46BB7328F7CB8000A1A498 /* CH06-SQLite3 */,
				FD46BB7228F7CB8000A1A498 /* Products */,
				FD46BB8828F7E63700A1A498 /* Frameworks */,
			);
			sourceTree = "<group>";
		};
		FD46BB7228F7CB8000A1A498 /* Products */ = {
			isa = PBXGroup;
			children = (
				FD46BB7128F7CB8000A1A498 /* CH06-SQLite3.app */,
			);
			name = Products;
			sourceTree = "<group>";
		};
		FD46BB7328F7CB8000A1A498 /* CH06-SQLite3 */ = {
			isa = PBXGroup;
			children = (
				FD46BB8C28F7FD8900A1A498 /* db.sqlite */,
				FD46BB7428F7CB8000A1A498 /* AppDelegate.swift */,
				FD46BB7628F7CB8000A1A498 /* SceneDelegate.swift */,
				FD46BB7828F7CB8000A1A498 /* ViewController.swift */,
				FD46BB7A28F7CB8000A1A498 /* Main.storyboard */,
				FD46BB7D28F7CB8100A1A498 /* Assets.xcassets */,
				FD46BB7F28F7CB8100A1A498 /* LaunchScreen.storyboard */,
				FD46BB8228F7CB8100A1A498 /* Info.plist */,
				FD46BB8B28F7E66200A1A498 /* CH06-SQLite3-Bridging-Header.h */,
			);
			path = "CH06-SQLite3";
			sourceTree = "<group>";
		};
		FD46BB8828F7E63700A1A498 /* Frameworks */ = {
			isa = PBXGroup;
			children = (
				FD46BB8928F7E63700A1A498 /* libsqlite3.tbd */,
			);
			name = Frameworks;
			sourceTree = "<group>";
		};
/* End PBXGroup section */

/* Begin PBXNativeTarget section */
		FD46BB7028F7CB8000A1A498 /* CH06-SQLite3 */ = {
			isa = PBXNativeTarget;
			buildConfigurationList = FD46BB8528F7CB8100A1A498 /* Build configuration list for PBXNativeTarget "CH06-SQLite3" */;
			buildPhases = (
				FD46BB6D28F7CB8000A1A498 /* Sources */,
				FD46BB6E28F7CB8000A1A498 /* Frameworks */,
				FD46BB6F28F7CB8000A1A498 /* Resources */,
			);
			buildRules = (
			);
			dependencies = (
			);
			name = "CH06-SQLite3";
			productName = SQLite3;
			productReference = FD46BB7128F7CB8000A1A498 /* CH06-SQLite3.app */;
			productType = "com.apple.product-type.application";
		};
/* End PBXNativeTarget section */

/* Begin PBXProject section */
		FD46BB6928F7CB8000A1A498 /* Project object */ = {
			isa = PBXProject;
			attributes = {
				BuildIndependentTargetsInParallel = 1;
				LastSwiftUpdateCheck = 1400;
				LastUpgradeCheck = 1400;
				TargetAttributes = {
					FD46BB7028F7CB8000A1A498 = {
						CreatedOnToolsVersion = 14.0.1;
					};
				};
			};
			buildConfigurationList = FD46BB6C28F7CB8000A1A498 /* Build configuration list for PBXProject "CH06-SQLite3" */;
			compatibilityVersion = "Xcode 14.0";
			developmentRegion = en;
			hasScannedForEncodings = 0;
			knownRegions = (
				en,
				Base,
			);
			mainGroup = FD46BB6828F7CB8000A1A498;
			productRefGroup = FD46BB7228F7CB8000A1A498 /* Products */;
			projectDirPath = "";
			projectRoot = "";
			targets = (
				FD46BB7028F7CB8000A1A498 /* CH06-SQLite3 */,
			);
		};
/* End PBXProject section */

/* Begin PBXResourcesBuildPhase section */
		FD46BB6F28F7CB8000A1A498 /* Resources */ = {
			isa = PBXResourcesBuildPhase;
			buildActionMask = 2147483647;
			files = (
				FD46BB8128F7CB8100A1A498 /* LaunchScreen.storyboard in Resources */,
				FD46BB7E28F7CB8100A1A498 /* Assets.xcassets in Resources */,
				FD46BB7C28F7CB8000A1A498 /* Main.storyboard in Resources */,
				FD46BB8D28F7FD8900A1A498 /* db.sqlite in Resources */,
			);
			runOnlyForDeploymentPostprocessing = 0;
		};
/* End PBXResourcesBuildPhase section */

/* Begin PBXSourcesBuildPhase section */
		FD46BB6D28F7CB8000A1A498 /* Sources */ = {
			isa = PBXSourcesBuildPhase;
			buildActionMask = 2147483647;
			files = (
				FD46BB7928F7CB8000A1A498 /* ViewController.swift in Sources */,
				FD46BB7528F7CB8000A1A498 /* AppDelegate.swift in Sources */,
				FD46BB7728F7CB8000A1A498 /* SceneDelegate.swift in Sources */,
			);
			runOnlyForDeploymentPostprocessing = 0;
		};
/* End PBXSourcesBuildPhase section */

/* Begin PBXVariantGroup section */
		FD46BB7A28F7CB8000A1A498 /* Main.storyboard */ = {
			isa = PBXVariantGroup;
			children = (
				FD46BB7B28F7CB8000A1A498 /* Base */,
			);
			name = Main.storyboard;
			sourceTree = "<group>";
		};
		FD46BB7F28F7CB8100A1A498 /* LaunchScreen.storyboard */ = {
			isa = PBXVariantGroup;
			children = (
				FD46BB8028F7CB8100A1A498 /* Base */,
			);
			name = LaunchScreen.storyboard;
			sourceTree = "<group>";
		};
/* End PBXVariantGroup section */

/* Begin XCBuildConfiguration section */
		FD46BB8328F7CB8100A1A498 /* Debug */ = {
			isa = XCBuildConfiguration;
			buildSettings = {
				ALWAYS_SEARCH_USER_PATHS = NO;
				CLANG_ANALYZER_NONNULL = YES;
				CLANG_ANALYZER_NUMBER_OBJECT_CONVERSION = YES_AGGRESSIVE;
				CLANG_CXX_LANGUAGE_STANDARD = "gnu++20";
				CLANG_ENABLE_MODULES = YES;
				CLANG_ENABLE_OBJC_ARC = YES;
				CLANG_ENABLE_OBJC_WEAK = YES;
				CLANG_WARN_BLOCK_CAPTURE_AUTORELEASING = YES;
				CLANG_WARN_BOOL_CONVERSION = YES;
				CLANG_WARN_COMMA = YES;
				CLANG_WARN_CONSTANT_CONVERSION = YES;
				CLANG_WARN_DEPRECATED_OBJC_IMPLEMENTATIONS = YES;
				CLANG_WARN_DIRECT_OBJC_ISA_USAGE = YES_ERROR;
				CLANG_WARN_DOCUMENTATION_COMMENTS = YES;
				CLANG_WARN_EMPTY_BODY = YES;
				CLANG_WARN_ENUM_CONVERSION = YES;
				CLANG_WARN_INFINITE_RECURSION = YES;
				CLANG_WARN_INT_CONVERSION = YES;
				CLANG_WARN_NON_LITERAL_NULL_CONVERSION = YES;
				CLANG_WARN_OBJC_IMPLICIT_RETAIN_SELF = YES;
				CLANG_WARN_OBJC_LITERAL_CONVERSION = YES;
				CLANG_WARN_OBJC_ROOT_CLASS = YES_ERROR;
				CLANG_WARN_QUOTED_INCLUDE_IN_FRAMEWORK_HEADER = YES;
				CLANG_WARN_RANGE_LOOP_ANALYSIS = YES;
				CLANG_WARN_STRICT_PROTOTYPES = YES;
				CLANG_WARN_SUSPICIOUS_MOVE = YES;
				CLANG_WARN_UNGUARDED_AVAILABILITY = YES_AGGRESSIVE;
				CLANG_WARN_UNREACHABLE_CODE = YES;
				CLANG_WARN__DUPLICATE_METHOD_MATCH = YES;
				COPY_PHASE_STRIP = NO;
				DEBUG_INFORMATION_FORMAT = dwarf;
				ENABLE_STRICT_OBJC_MSGSEND = YES;
				ENABLE_TESTABILITY = YES;
				GCC_C_LANGUAGE_STANDARD = gnu11;
				GCC_DYNAMIC_NO_PIC = NO;
				GCC_NO_COMMON_BLOCKS = YES;
				GCC_OPTIMIZATION_LEVEL = 0;
				GCC_PREPROCESSOR_DEFINITIONS = (
					"DEBUG=1",
					"$(inherited)",
				);
				GCC_WARN_64_TO_32_BIT_CONVERSION = YES;
				GCC_WARN_ABOUT_RETURN_TYPE = YES_ERROR;
				GCC_WARN_UNDECLARED_SELECTOR = YES;
				GCC_WARN_UNINITIALIZED_AUTOS = YES_AGGRESSIVE;
				GCC_WARN_UNUSED_FUNCTION = YES;
				GCC_WARN_UNUSED_VARIABLE = YES;
				IPHONEOS_DEPLOYMENT_TARGET = 16.0;
				MTL_ENABLE_DEBUG_INFO = INCLUDE_SOURCE;
				MTL_FAST_MATH = YES;
				ONLY_ACTIVE_ARCH = YES;
				SDKROOT = iphoneos;
				SWIFT_ACTIVE_COMPILATION_CONDITIONS = DEBUG;
				SWIFT_OBJC_BRIDGING_HEADER = "CH06-SQLite3/CH06-SQLite3-Bridging-Header.h";
				SWIFT_OPTIMIZATION_LEVEL = "-Onone";
			};
			name = Debug;
		};
		FD46BB8428F7CB8100A1A498 /* Release */ = {
			isa = XCBuildConfiguration;
			buildSettings = {
				ALWAYS_SEARCH_USER_PATHS = NO;
				CLANG_ANALYZER_NONNULL = YES;
				CLANG_ANALYZER_NUMBER_OBJECT_CONVERSION = YES_AGGRESSIVE;
				CLANG_CXX_LANGUAGE_STANDARD = "gnu++20";
				CLANG_ENABLE_MODULES = YES;
				CLANG_ENABLE_OBJC_ARC = YES;
				CLANG_ENABLE_OBJC_WEAK = YES;
				CLANG_WARN_BLOCK_CAPTURE_AUTORELEASING = YES;
				CLANG_WARN_BOOL_CONVERSION = YES;
				CLANG_WARN_COMMA = YES;
				CLANG_WARN_CONSTANT_CONVERSION = YES;
				CLANG_WARN_DEPRECATED_OBJC_IMPLEMENTATIONS = YES;
				CLANG_WARN_DIRECT_OBJC_ISA_USAGE = YES_ERROR;
				CLANG_WARN_DOCUMENTATION_COMMENTS = YES;
				CLANG_WARN_EMPTY_BODY = YES;
				CLANG_WARN_ENUM_CONVERSION = YES;
				CLANG_WARN_INFINITE_RECURSION = YES;
				CLANG_WARN_INT_CONVERSION = YES;
				CLANG_WARN_NON_LITERAL_NULL_CONVERSION = YES;
				CLANG_WARN_OBJC_IMPLICIT_RETAIN_SELF = YES;
				CLANG_WARN_OBJC_LITERAL_CONVERSION = YES;
				CLANG_WARN_OBJC_ROOT_CLASS = YES_ERROR;
				CLANG_WARN_QUOTED_INCLUDE_IN_FRAMEWORK_HEADER = YES;
				CLANG_WARN_RANGE_LOOP_ANALYSIS = YES;
				CLANG_WARN_STRICT_PROTOTYPES = YES;
				CLANG_WARN_SUSPICIOUS_MOVE = YES;
				CLANG_WARN_UNGUARDED_AVAILABILITY = YES_AGGRESSIVE;
				CLANG_WARN_UNREACHABLE_CODE = YES;
				CLANG_WARN__DUPLICATE_METHOD_MATCH = YES;
				COPY_PHASE_STRIP = NO;
				DEBUG_INFORMATION_FORMAT = "dwarf-with-dsym";
				ENABLE_NS_ASSERTIONS = NO;
				ENABLE_STRICT_OBJC_MSGSEND = YES;
				GCC_C_LANGUAGE_STANDARD = gnu11;
				GCC_NO_COMMON_BLOCKS = YES;
				GCC_WARN_64_TO_32_BIT_CONVERSION = YES;
				GCC_WARN_ABOUT_RETURN_TYPE = YES_ERROR;
				GCC_WARN_UNDECLARED_SELECTOR = YES;
				GCC_WARN_UNINITIALIZED_AUTOS = YES_AGGRESSIVE;
				GCC_WARN_UNUSED_FUNCTION = YES;
				GCC_WARN_UNUSED_VARIABLE = YES;
				IPHONEOS_DEPLOYMENT_TARGET = 16.0;
				MTL_ENABLE_DEBUG_INFO = NO;
				MTL_FAST_MATH = YES;
				SDKROOT = iphoneos;
				SWIFT_COMPILATION_MODE = wholemodule;
				SWIFT_OBJC_BRIDGING_HEADER = "CH06-SQLite3/CH06-SQLite3-Bridging-Header.h";
				SWIFT_OPTIMIZATION_LEVEL = "-O";
				VALIDATE_PRODUCT = YES;
			};
			name = Release;
		};
		FD46BB8628F7CB8100A1A498 /* Debug */ = {
			isa = XCBuildConfiguration;
			buildSettings = {
				ASSETCATALOG_COMPILER_APPICON_NAME = AppIcon;
				ASSETCATALOG_COMPILER_GLOBAL_ACCENT_COLOR_NAME = AccentColor;
				CODE_SIGN_STYLE = Automatic;
				CURRENT_PROJECT_VERSION = 1;
				GENERATE_INFOPLIST_FILE = YES;
				INFOPLIST_FILE = "CH06-SQLite3/Info.plist";
				INFOPLIST_KEY_UIApplicationSupportsIndirectInputEvents = YES;
				INFOPLIST_KEY_UILaunchStoryboardName = LaunchScreen;
				INFOPLIST_KEY_UIMainStoryboardFile = Main;
				INFOPLIST_KEY_UISupportedInterfaceOrientations_iPad = "UIInterfaceOrientationPortrait UIInterfaceOrientationPortraitUpsideDown UIInterfaceOrientationLandscapeLeft UIInterfaceOrientationLandscapeRight";
				INFOPLIST_KEY_UISupportedInterfaceOrientations_iPhone = "UIInterfaceOrientationPortrait UIInterfaceOrientationLandscapeLeft UIInterfaceOrientationLandscapeRight";
				LD_RUNPATH_SEARCH_PATHS = (
					"$(inherited)",
					"@executable_path/Frameworks",
				);
				MARKETING_VERSION = 1.0;
				PRODUCT_BUNDLE_IDENTIFIER = "com.nahee.CH06-SQLite3";
				PRODUCT_NAME = "$(TARGET_NAME)";
				SWIFT_EMIT_LOC_STRINGS = YES;
				SWIFT_VERSION = 5.0;
				TARGETED_DEVICE_FAMILY = "1,2";
			};
			name = Debug;
		};
		FD46BB8728F7CB8100A1A498 /* Release */ = {
			isa = XCBuildConfiguration;
			buildSettings = {
				ASSETCATALOG_COMPILER_APPICON_NAME = AppIcon;
				ASSETCATALOG_COMPILER_GLOBAL_ACCENT_COLOR_NAME = AccentColor;
				CODE_SIGN_STYLE = Automatic;
				CURRENT_PROJECT_VERSION = 1;
				GENERATE_INFOPLIST_FILE = YES;
				INFOPLIST_FILE = "CH06-SQLite3/Info.plist";
				INFOPLIST_KEY_UIApplicationSupportsIndirectInputEvents = YES;
				INFOPLIST_KEY_UILaunchStoryboardName = LaunchScreen;
				INFOPLIST_KEY_UIMainStoryboardFile = Main;
				INFOPLIST_KEY_UISupportedInterfaceOrientations_iPad = "UIInterfaceOrientationPortrait UIInterfaceOrientationPortraitUpsideDown UIInterfaceOrientationLandscapeLeft UIInterfaceOrientationLandscapeRight";
				INFOPLIST_KEY_UISupportedInterfaceOrientations_iPhone = "UIInterfaceOrientationPortrait UIInterfaceOrientationLandscapeLeft UIInterfaceOrientationLandscapeRight";
				LD_RUNPATH_SEARCH_PATHS = (
					"$(inherited)",
					"@executable_path/Frameworks",
				);
				MARKETING_VERSION = 1.0;
				PRODUCT_BUNDLE_IDENTIFIER = "com.nahee.CH06-SQLite3";
				PRODUCT_NAME = "$(TARGET_NAME)";
				SWIFT_EMIT_LOC_STRINGS = YES;
				SWIFT_VERSION = 5.0;
				TARGETED_DEVICE_FAMILY = "1,2";
			};
			name = Release;
		};
/* End XCBuildConfiguration section */

/* Begin XCConfigurationList section */
		FD46BB6C28F7CB8000A1A498 /* Build configuration list for PBXProject "CH06-SQLite3" */ = {
			isa = XCConfigurationList;
			buildConfigurations = (
				FD46BB8328F7CB8100A1A498 /* Debug */,
				FD46BB8428F7CB8100A1A498 /* Release */,
			);
			defaultConfigurationIsVisible = 0;
			defaultConfigurationName = Release;
		};
		FD46BB8528F7CB8100A1A498 /* Build configuration list for PBXNativeTarget "CH06-SQLite3" */ = {
			isa = XCConfigurationList;
			buildConfigurations = (
				FD46BB8628F7CB8100A1A498 /* Debug */,
				FD46BB8728F7CB8100A1A498 /* Release */,
			);
			defaultConfigurationIsVisible = 0;
			defaultConfigurationName = Release;
		};
/* End XCConfigurationList section */
	};
	rootObject = FD46BB6928F7CB8000A1A498 /* Project object */;
}
